
Microsoft Visual Studio Solution File, Format Version 12.00
# Visual Studio Version 16
VisualStudioVersion = 16.0.32002.261
MinimumVisualStudioVersion = 10.0.40219.1
Project("{FAE04EC0-301F-11D3-BF4B-00C04F79EFBC}") = "portfolio-website-using-masterpage", "portfolio-website-using-masterpage\portfolio-website-using-masterpage.csproj", "{56C97CB7-42F1-4D83-A8AE-8E463904E744}"
EndProject
Global
	GlobalSection(SolutionConfigurationPlatforms) = preSolution
		Debug|Any CPU = Debug|Any CPU
		Release|Any CPU = Release|Any CPU
	EndGlobalSection
	GlobalSection(ProjectConfigurationPlatforms) = postSolution
		{56C97CB7-42F1-4D83-A8AE-8E463904E744}.Debug|Any CPU.ActiveCfg = Debug|Any CPU
		{56C97CB7-42F1-4D83-A8AE-8E463904E744}.Debug|Any CPU.Build.0 = Debug|Any CPU
		{56C97CB7-42F1-4D83-A8AE-8E463904E744}.Release|Any CPU.ActiveCfg = Release|Any CPU
		{56C97CB7-42F1-4D83-A8AE-8E463904E744}.Release|Any CPU.Build.0 = Release|Any CPU
	EndGlobalSection
	GlobalSection(SolutionProperties) = preSolution
		HideSolutionNode = FALSE
	EndGlobalSection
	GlobalSection(ExtensibilityGlobals) = postSolution
		SolutionGuid = {6CA0A833-FD9C-4A1E-A3DC-31DF9D5DDBAF}
	EndGlobalSection
EndGlobal
